
Microsoft Visual Studio Solution File, Format Version 12.00
# Visual Studio Version 17
VisualStudioVersion = 17.8.34330.188
MinimumVisualStudioVersion = 10.0.40219.1
Project("{2150E333-8FDC-42A3-9474-1A3956D46DE8}") = "1 - Application", "1 - Application", "{C00DE9BE-9BB9-49E4-A151-4DC6F6713EDC}"
EndProject
Project("{2150E333-8FDC-42A3-9474-1A3956D46DE8}") = "2 - Domain", "2 - Domain", "{B2FF50DA-8A18-4336-8229-FC116F106B52}"
EndProject
Project("{2150E333-8FDC-42A3-9474-1A3956D46DE8}") = "3 - Service", "3 - Service", "{DA2BF3FD-D574-4F82-8905-FAAB6BD390CF}"
EndProject
Project("{2150E333-8FDC-42A3-9474-1A3956D46DE8}") = "4 - Infra", "4 - Infra", "{F7AD57C8-CE1E-4135-8BE4-BFE80068A6F1}"
EndProject
Project("{2150E333-8FDC-42A3-9474-1A3956D46DE8}") = "4.1 - Data", "4.1 - Data", "{5535A64D-499B-4314-AD76-1C1A4F48D40B}"
EndProject
Project("{2150E333-8FDC-42A3-9474-1A3956D46DE8}") = "4.2 - CroosCutting", "4.2 - CroosCutting", "{DBF5CD5B-725E-4FF0-914C-DE2ECCFAE27E}"
EndProject
Project("{FAE04EC0-301F-11D3-BF4B-00C04F79EFBC}") = "Modelo.Application", "Modelo.Application\Modelo.Application.csproj", "{F88129EA-9B5E-46D8-9B01-1EEC37DEE82F}"
EndProject
Project("{FAE04EC0-301F-11D3-BF4B-00C04F79EFBC}") = "Modelo.Domain", "Modelo.Domain\Modelo.Domain.csproj", "{ABF375E8-60D1-45CE-ABC6-244B4289FEC8}"
EndProject
Project("{FAE04EC0-301F-11D3-BF4B-00C04F79EFBC}") = "Modelo.Service", "Modelo.Service\Modelo.Service.csproj", "{C9250AF4-865E-4792-BD2A-83B55C1F0F2B}"
EndProject
Project("{FAE04EC0-301F-11D3-BF4B-00C04F79EFBC}") = "Modelo.Infra.Data", "Modelo.Infra.Data\Modelo.Infra.Data.csproj", "{7B418D4A-C174-4E3A-B3B0-96D0714AC2B4}"
EndProject
Project("{FAE04EC0-301F-11D3-BF4B-00C04F79EFBC}") = "Modelo.Infra.CroosCutting", "Modelo.Infra.CroosCutting\Modelo.Infra.CroosCutting.csproj", "{BA64C8C1-769E-4B19-B11B-8F4DC2CB7C6A}"
EndProject
Global
	GlobalSection(SolutionConfigurationPlatforms) = preSolution
		Debug|Any CPU = Debug|Any CPU
		Release|Any CPU = Release|Any CPU
	EndGlobalSection
	GlobalSection(ProjectConfigurationPlatforms) = postSolution
		{F88129EA-9B5E-46D8-9B01-1EEC37DEE82F}.Debug|Any CPU.ActiveCfg = Debug|Any CPU
		{F88129EA-9B5E-46D8-9B01-1EEC37DEE82F}.Debug|Any CPU.Build.0 = Debug|Any CPU
		{F88129EA-9B5E-46D8-9B01-1EEC37DEE82F}.Release|Any CPU.ActiveCfg = Release|Any CPU
		{F88129EA-9B5E-46D8-9B01-1EEC37DEE82F}.Release|Any CPU.Build.0 = Release|Any CPU
		{ABF375E8-60D1-45CE-ABC6-244B4289FEC8}.Debug|Any CPU.ActiveCfg = Debug|Any CPU
		{ABF375E8-60D1-45CE-ABC6-244B4289FEC8}.Debug|Any CPU.Build.0 = Debug|Any CPU
		{ABF375E8-60D1-45CE-ABC6-244B4289FEC8}.Release|Any CPU.ActiveCfg = Release|Any CPU
		{ABF375E8-60D1-45CE-ABC6-244B4289FEC8}.Release|Any CPU.Build.0 = Release|Any CPU
		{C9250AF4-865E-4792-BD2A-83B55C1F0F2B}.Debug|Any CPU.ActiveCfg = Debug|Any CPU
		{C9250AF4-865E-4792-BD2A-83B55C1F0F2B}.Debug|Any CPU.Build.0 = Debug|Any CPU
		{C9250AF4-865E-4792-BD2A-83B55C1F0F2B}.Release|Any CPU.ActiveCfg = Release|Any CPU
		{C9250AF4-865E-4792-BD2A-83B55C1F0F2B}.Release|Any CPU.Build.0 = Release|Any CPU
		{7B418D4A-C174-4E3A-B3B0-96D0714AC2B4}.Debug|Any CPU.ActiveCfg = Debug|Any CPU
		{7B418D4A-C174-4E3A-B3B0-96D0714AC2B4}.Debug|Any CPU.Build.0 = Debug|Any CPU
		{7B418D4A-C174-4E3A-B3B0-96D0714AC2B4}.Release|Any CPU.ActiveCfg = Release|Any CPU
		{7B418D4A-C174-4E3A-B3B0-96D0714AC2B4}.Release|Any CPU.Build.0 = Release|Any CPU
		{BA64C8C1-769E-4B19-B11B-8F4DC2CB7C6A}.Debug|Any CPU.ActiveCfg = Debug|Any CPU
		{BA64C8C1-769E-4B19-B11B-8F4DC2CB7C6A}.Debug|Any CPU.Build.0 = Debug|Any CPU
		{BA64C8C1-769E-4B19-B11B-8F4DC2CB7C6A}.Release|Any CPU.ActiveCfg = Release|Any CPU
		{BA64C8C1-769E-4B19-B11B-8F4DC2CB7C6A}.Release|Any CPU.Build.0 = Release|Any CPU
	EndGlobalSection
	GlobalSection(SolutionProperties) = preSolution
		HideSolutionNode = FALSE
	EndGlobalSection
	GlobalSection(NestedProjects) = preSolution
		{5535A64D-499B-4314-AD76-1C1A4F48D40B} = {F7AD57C8-CE1E-4135-8BE4-BFE80068A6F1}
		{DBF5CD5B-725E-4FF0-914C-DE2ECCFAE27E} = {F7AD57C8-CE1E-4135-8BE4-BFE80068A6F1}
		{F88129EA-9B5E-46D8-9B01-1EEC37DEE82F} = {C00DE9BE-9BB9-49E4-A151-4DC6F6713EDC}
		{ABF375E8-60D1-45CE-ABC6-244B4289FEC8} = {B2FF50DA-8A18-4336-8229-FC116F106B52}
		{C9250AF4-865E-4792-BD2A-83B55C1F0F2B} = {DA2BF3FD-D574-4F82-8905-FAAB6BD390CF}
		{7B418D4A-C174-4E3A-B3B0-96D0714AC2B4} = {5535A64D-499B-4314-AD76-1C1A4F48D40B}
		{BA64C8C1-769E-4B19-B11B-8F4DC2CB7C6A} = {DBF5CD5B-725E-4FF0-914C-DE2ECCFAE27E}
	EndGlobalSection
	GlobalSection(ExtensibilityGlobals) = postSolution
		SolutionGuid = {BF86CA61-5F9E-4507-8181-9AD7777D6DDD}
	EndGlobalSection
EndGlobal
